
Microsoft Visual Studio Solution File, Format Version 12.00
# Visual Studio Version 17
VisualStudioVersion = 17.8.34309.116
MinimumVisualStudioVersion = 10.0.40219.1
Project("{FAE04EC0-301F-11D3-BF4B-00C04F79EFBC}") = "ThaiLifeAddon", "ThaiLifeAddon\ThaiLifeAddon.csproj", "{D83FBB30-A9FC-4A46-996A-0E7CC47DD16B}"
EndProject
Global
	GlobalSection(SolutionConfigurationPlatforms) = preSolution
		Debug|Any CPU = Debug|Any CPU
		Release|Any CPU = Release|Any CPU
	EndGlobalSection
	GlobalSection(ProjectConfigurationPlatforms) = postSolution
		{D83FBB30-A9FC-4A46-996A-0E7CC47DD16B}.Debug|Any CPU.ActiveCfg = Debug|Any CPU
		{D83FBB30-A9FC-4A46-996A-0E7CC47DD16B}.Debug|Any CPU.Build.0 = Debug|Any CPU
		{D83FBB30-A9FC-4A46-996A-0E7CC47DD16B}.Release|Any CPU.ActiveCfg = Release|Any CPU
		{D83FBB30-A9FC-4A46-996A-0E7CC47DD16B}.Release|Any CPU.Build.0 = Release|Any CPU
	EndGlobalSection
	GlobalSection(SolutionProperties) = preSolution
		HideSolutionNode = FALSE
	EndGlobalSection
	GlobalSection(ExtensibilityGlobals) = postSolution
		SolutionGuid = {F0170F49-F40C-4D3B-8618-E0EAA34C7F67}
	EndGlobalSection
EndGlobal
